# This file was autogenerated by Stack.
# You should not edit this file by hand.
# For more information, please see the documentation at:
#   https://docs.haskellstack.org/en/stable/lock_files

packages: []
snapshots:
- completed:
    size: 586106
    url: https://raw.githubusercontent.com/commercialhaskell/stackage-snapshots/master/lts/18/20.yaml
    sha256: 8699812d2b2c1f83d6ad1261de9cf628ed36a1cfc14f19d67188e005e7a3a39d
  original: lts-18.20
